Microsoft Visual Studio Solution File, Format Version 12.00
# Visual Studio 16
Project("{8BC9CEB8-8B4A-11D0-8D11-00A0C91BC942}") = "ALL_BUILD", "ALL_BUILD.vcxproj", "{E32F8A6E-E36B-3BCC-BA75-FBAA6AC96A67}"
	ProjectSection(ProjectDependencies) = postProject
		{2DD1F47B-436A-3702-86F6-4315A197B8D9} = {2DD1F47B-436A-3702-86F6-4315A197B8D9}
		{824AEA96-449A-3E00-B0B0-D80B03BD2926} = {824AEA96-449A-3E00-B0B0-D80B03BD2926}
		{57459515-C36B-3858-B504-73BE51E1CDAB} = {57459515-C36B-3858-B504-73BE51E1CDAB}
		{5834B4CD-DC14-3790-A3E9-D5F886F04DEF} = {5834B4CD-DC14-3790-A3E9-D5F886F04DEF}
		{1351AB80-A63E-3ED0-8215-9AC948D1C46F} = {1351AB80-A63E-3ED0-8215-9AC948D1C46F}
		{18C5169F-0A4F-391B-A058-A46F7A67CE12} = {18C5169F-0A4F-391B-A058-A46F7A67CE12}
		{CABAB369-029B-3E34-B503-EEC63B0F2AD4} = {CABAB369-029B-3E34-B503-EEC63B0F2AD4}
		{54CBD106-7B95-31F9-8655-F4B5304265DE} = {54CBD106-7B95-31F9-8655-F4B5304265DE}
		{729DE735-9184-32DE-85F7-B1F2F447D89D} = {729DE735-9184-32DE-85F7-B1F2F447D89D}
		{FB3BD518-C75B-34AA-B200-96E30F5D287B} = {FB3BD518-C75B-34AA-B200-96E30F5D287B}
		{B8C07631-DCEB-3E59-ACC5-C9229E257433} = {B8C07631-DCEB-3E59-ACC5-C9229E257433}
		{A96CEBBD-0C71-3660-8B8C-70677C16A9F5} = {A96CEBBD-0C71-3660-8B8C-70677C16A9F5}
		{02B0978B-976C-3566-B50E-608EB99868AE} = {02B0978B-976C-3566-B50E-608EB99868AE}
		{391CDDEA-325F-3D7C-A473-96CDEC9B9316} = {391CDDEA-325F-3D7C-A473-96CDEC9B9316}
		{D9CFD129-B2E9-3C36-8805-F4797D883FB1} = {D9CFD129-B2E9-3C36-8805-F4797D883FB1}
		{29611AD0-D232-302B-A790-21D8884335DD} = {29611AD0-D232-302B-A790-21D8884335DD}
		{C6C64F82-7B45-3F4F-9452-C4F14583C990} = {C6C64F82-7B45-3F4F-9452-C4F14583C990}
		{C2F71220-6BFD-31D7-94C9-765C2A633168} = {C2F71220-6BFD-31D7-94C9-765C2A633168}
		{7325F35C-5228-3210-B4F5-5C004F02ED93} = {7325F35C-5228-3210-B4F5-5C004F02ED93}
		{C21AC503-E161-30D1-9E7B-DC401622611D} = {C21AC503-E161-30D1-9E7B-DC401622611D}
		{C9574D93-1CD7-311A-A56A-82B94DFC8E0B} = {C9574D93-1CD7-311A-A56A-82B94DFC8E0B}
		{96B0BD3F-CCE3-3A1D-A8B7-02EA4F38BDE4} = {96B0BD3F-CCE3-3A1D-A8B7-02EA4F38BDE4}
		{40AACEE8-5793-3CAC-851F-3F791771B3F6} = {40AACEE8-5793-3CAC-851F-3F791771B3F6}
		{63C926CB-ED23-3AD9-8F12-76484E89FDD5} = {63C926CB-ED23-3AD9-8F12-76484E89FDD5}
		{D256698D-AEF5-3921-A2C5-8087362EB8D4} = {D256698D-AEF5-3921-A2C5-8087362EB8D4}
		{A87D6A5A-B613-39C0-A1F7-CFC50D9B0A9A} = {A87D6A5A-B613-39C0-A1F7-CFC50D9B0A9A}
		{A4DCB936-BDF2-37AD-B5A0-C7F9AD0F9582} = {A4DCB936-BDF2-37AD-B5A0-C7F9AD0F9582}
	EndProjectSection
EndProject
Project("{8BC9CEB8-8B4A-11D0-8D11-00A0C91BC942}") = "CallbackMaker", "CallbackMaker.vcxproj", "{2DD1F47B-436A-3702-86F6-4315A197B8D9}"
	ProjectSection(ProjectDependencies) = postProject
		{02B0978B-976C-3566-B50E-608EB99868AE} = {02B0978B-976C-3566-B50E-608EB99868AE}
		{391CDDEA-325F-3D7C-A473-96CDEC9B9316} = {391CDDEA-325F-3D7C-A473-96CDEC9B9316}
	EndProjectSection
EndProject
Project("{8BC9CEB8-8B4A-11D0-8D11-00A0C91BC942}") = "CallbackMaker_static", "CallbackMaker_static.vcxproj", "{824AEA96-449A-3E00-B0B0-D80B03BD2926}"
	ProjectSection(ProjectDependencies) = postProject
		{02B0978B-976C-3566-B50E-608EB99868AE} = {02B0978B-976C-3566-B50E-608EB99868AE}
		{D9CFD129-B2E9-3C36-8805-F4797D883FB1} = {D9CFD129-B2E9-3C36-8805-F4797D883FB1}
	EndProjectSection
EndProject
Project("{8BC9CEB8-8B4A-11D0-8D11-00A0C91BC942}") = "Fractals", "Fractals.vcxproj", "{57459515-C36B-3858-B504-73BE51E1CDAB}"
	ProjectSection(ProjectDependencies) = postProject
		{02B0978B-976C-3566-B50E-608EB99868AE} = {02B0978B-976C-3566-B50E-608EB99868AE}
		{391CDDEA-325F-3D7C-A473-96CDEC9B9316} = {391CDDEA-325F-3D7C-A473-96CDEC9B9316}
	EndProjectSection
EndProject
Project("{8BC9CEB8-8B4A-11D0-8D11-00A0C91BC942}") = "Fractals_random", "Fractals_random.vcxproj", "{5834B4CD-DC14-3790-A3E9-D5F886F04DEF}"
	ProjectSection(ProjectDependencies) = postProject
		{02B0978B-976C-3566-B50E-608EB99868AE} = {02B0978B-976C-3566-B50E-608EB99868AE}
		{391CDDEA-325F-3D7C-A473-96CDEC9B9316} = {391CDDEA-325F-3D7C-A473-96CDEC9B9316}
	EndProjectSection
EndProject
Project("{8BC9CEB8-8B4A-11D0-8D11-00A0C91BC942}") = "Fractals_random_static", "Fractals_random_static.vcxproj", "{1351AB80-A63E-3ED0-8215-9AC948D1C46F}"
	ProjectSection(ProjectDependencies) = postProject
		{02B0978B-976C-3566-B50E-608EB99868AE} = {02B0978B-976C-3566-B50E-608EB99868AE}
		{D9CFD129-B2E9-3C36-8805-F4797D883FB1} = {D9CFD129-B2E9-3C36-8805-F4797D883FB1}
	EndProjectSection
EndProject
Project("{8BC9CEB8-8B4A-11D0-8D11-00A0C91BC942}") = "Fractals_static", "Fractals_static.vcxproj", "{18C5169F-0A4F-391B-A058-A46F7A67CE12}"
	ProjectSection(ProjectDependencies) = postProject
		{02B0978B-976C-3566-B50E-608EB99868AE} = {02B0978B-976C-3566-B50E-608EB99868AE}
		{D9CFD129-B2E9-3C36-8805-F4797D883FB1} = {D9CFD129-B2E9-3C36-8805-F4797D883FB1}
	EndProjectSection
EndProject
Project("{8BC9CEB8-8B4A-11D0-8D11-00A0C91BC942}") = "INSTALL", "INSTALL.vcxproj", "{290D7D16-381B-3C59-B366-1504D311E74E}"
	ProjectSection(ProjectDependencies) = postProject
		{E32F8A6E-E36B-3BCC-BA75-FBAA6AC96A67} = {E32F8A6E-E36B-3BCC-BA75-FBAA6AC96A67}
		{02B0978B-976C-3566-B50E-608EB99868AE} = {02B0978B-976C-3566-B50E-608EB99868AE}
	EndProjectSection
EndProject
Project("{8BC9CEB8-8B4A-11D0-8D11-00A0C91BC942}") = "Lorenz", "Lorenz.vcxproj", "{CABAB369-029B-3E34-B503-EEC63B0F2AD4}"
	ProjectSection(ProjectDependencies) = postProject
		{02B0978B-976C-3566-B50E-608EB99868AE} = {02B0978B-976C-3566-B50E-608EB99868AE}
		{391CDDEA-325F-3D7C-A473-96CDEC9B9316} = {391CDDEA-325F-3D7C-A473-96CDEC9B9316}
	EndProjectSection
EndProject
Project("{8BC9CEB8-8B4A-11D0-8D11-00A0C91BC942}") = "Lorenz_static", "Lorenz_static.vcxproj", "{54CBD106-7B95-31F9-8655-F4B5304265DE}"
	ProjectSection(ProjectDependencies) = postProject
		{02B0978B-976C-3566-B50E-608EB99868AE} = {02B0978B-976C-3566-B50E-608EB99868AE}
		{D9CFD129-B2E9-3C36-8805-F4797D883FB1} = {D9CFD129-B2E9-3C36-8805-F4797D883FB1}
	EndProjectSection
EndProject
Project("{8BC9CEB8-8B4A-11D0-8D11-00A0C91BC942}") = "One", "One.vcxproj", "{729DE735-9184-32DE-85F7-B1F2F447D89D}"
	ProjectSection(ProjectDependencies) = postProject
		{02B0978B-976C-3566-B50E-608EB99868AE} = {02B0978B-976C-3566-B50E-608EB99868AE}
		{391CDDEA-325F-3D7C-A473-96CDEC9B9316} = {391CDDEA-325F-3D7C-A473-96CDEC9B9316}
	EndProjectSection
EndProject
Project("{8BC9CEB8-8B4A-11D0-8D11-00A0C91BC942}") = "One_static", "One_static.vcxproj", "{FB3BD518-C75B-34AA-B200-96E30F5D287B}"
	ProjectSection(ProjectDependencies) = postProject
		{02B0978B-976C-3566-B50E-608EB99868AE} = {02B0978B-976C-3566-B50E-608EB99868AE}
		{D9CFD129-B2E9-3C36-8805-F4797D883FB1} = {D9CFD129-B2E9-3C36-8805-F4797D883FB1}
	EndProjectSection
EndProject
Project("{8BC9CEB8-8B4A-11D0-8D11-00A0C91BC942}") = "Resizer", "Resizer.vcxproj", "{B8C07631-DCEB-3E59-ACC5-C9229E257433}"
	ProjectSection(ProjectDependencies) = postProject
		{02B0978B-976C-3566-B50E-608EB99868AE} = {02B0978B-976C-3566-B50E-608EB99868AE}
		{391CDDEA-325F-3D7C-A473-96CDEC9B9316} = {391CDDEA-325F-3D7C-A473-96CDEC9B9316}
	EndProjectSection
EndProject
Project("{8BC9CEB8-8B4A-11D0-8D11-00A0C91BC942}") = "Resizer_static", "Resizer_static.vcxproj", "{A96CEBBD-0C71-3660-8B8C-70677C16A9F5}"
	ProjectSection(ProjectDependencies) = postProject
		{02B0978B-976C-3566-B50E-608EB99868AE} = {02B0978B-976C-3566-B50E-608EB99868AE}
		{D9CFD129-B2E9-3C36-8805-F4797D883FB1} = {D9CFD129-B2E9-3C36-8805-F4797D883FB1}
	EndProjectSection
EndProject
Project("{8BC9CEB8-8B4A-11D0-8D11-00A0C91BC942}") = "ZERO_CHECK", "ZERO_CHECK.vcxproj", "{02B0978B-976C-3566-B50E-608EB99868AE}"
	ProjectSection(ProjectDependencies) = postProject
	EndProjectSection
EndProject
Project("{8BC9CEB8-8B4A-11D0-8D11-00A0C91BC942}") = "freeglut", "freeglut.vcxproj", "{391CDDEA-325F-3D7C-A473-96CDEC9B9316}"
	ProjectSection(ProjectDependencies) = postProject
		{02B0978B-976C-3566-B50E-608EB99868AE} = {02B0978B-976C-3566-B50E-608EB99868AE}
	EndProjectSection
EndProject
Project("{8BC9CEB8-8B4A-11D0-8D11-00A0C91BC942}") = "freeglut_static", "freeglut_static.vcxproj", "{D9CFD129-B2E9-3C36-8805-F4797D883FB1}"
	ProjectSection(ProjectDependencies) = postProject
		{02B0978B-976C-3566-B50E-608EB99868AE} = {02B0978B-976C-3566-B50E-608EB99868AE}
	EndProjectSection
EndProject
Project("{8BC9CEB8-8B4A-11D0-8D11-00A0C91BC942}") = "multi-touch", "multi-touch.vcxproj", "{29611AD0-D232-302B-A790-21D8884335DD}"
	ProjectSection(ProjectDependencies) = postProject
		{02B0978B-976C-3566-B50E-608EB99868AE} = {02B0978B-976C-3566-B50E-608EB99868AE}
		{391CDDEA-325F-3D7C-A473-96CDEC9B9316} = {391CDDEA-325F-3D7C-A473-96CDEC9B9316}
	EndProjectSection
EndProject
Project("{8BC9CEB8-8B4A-11D0-8D11-00A0C91BC942}") = "multi-touch_static", "multi-touch_static.vcxproj", "{C6C64F82-7B45-3F4F-9452-C4F14583C990}"
	ProjectSection(ProjectDependencies) = postProject
		{02B0978B-976C-3566-B50E-608EB99868AE} = {02B0978B-976C-3566-B50E-608EB99868AE}
		{D9CFD129-B2E9-3C36-8805-F4797D883FB1} = {D9CFD129-B2E9-3C36-8805-F4797D883FB1}
	EndProjectSection
EndProject
Project("{8BC9CEB8-8B4A-11D0-8D11-00A0C91BC942}") = "shapes", "shapes.vcxproj", "{C2F71220-6BFD-31D7-94C9-765C2A633168}"
	ProjectSection(ProjectDependencies) = postProject
		{02B0978B-976C-3566-B50E-608EB99868AE} = {02B0978B-976C-3566-B50E-608EB99868AE}
		{391CDDEA-325F-3D7C-A473-96CDEC9B9316} = {391CDDEA-325F-3D7C-A473-96CDEC9B9316}
	EndProjectSection
EndProject
Project("{8BC9CEB8-8B4A-11D0-8D11-00A0C91BC942}") = "shapes_static", "shapes_static.vcxproj", "{7325F35C-5228-3210-B4F5-5C004F02ED93}"
	ProjectSection(ProjectDependencies) = postProject
		{02B0978B-976C-3566-B50E-608EB99868AE} = {02B0978B-976C-3566-B50E-608EB99868AE}
		{D9CFD129-B2E9-3C36-8805-F4797D883FB1} = {D9CFD129-B2E9-3C36-8805-F4797D883FB1}
	EndProjectSection
EndProject
Project("{8BC9CEB8-8B4A-11D0-8D11-00A0C91BC942}") = "smooth_opengl3", "smooth_opengl3.vcxproj", "{C21AC503-E161-30D1-9E7B-DC401622611D}"
	ProjectSection(ProjectDependencies) = postProject
		{02B0978B-976C-3566-B50E-608EB99868AE} = {02B0978B-976C-3566-B50E-608EB99868AE}
		{391CDDEA-325F-3D7C-A473-96CDEC9B9316} = {391CDDEA-325F-3D7C-A473-96CDEC9B9316}
	EndProjectSection
EndProject
Project("{8BC9CEB8-8B4A-11D0-8D11-00A0C91BC942}") = "smooth_opengl3_static", "smooth_opengl3_static.vcxproj", "{C9574D93-1CD7-311A-A56A-82B94DFC8E0B}"
	ProjectSection(ProjectDependencies) = postProject
		{02B0978B-976C-3566-B50E-608EB99868AE} = {02B0978B-976C-3566-B50E-608EB99868AE}
		{D9CFD129-B2E9-3C36-8805-F4797D883FB1} = {D9CFD129-B2E9-3C36-8805-F4797D883FB1}
	EndProjectSection
EndProject
Project("{8BC9CEB8-8B4A-11D0-8D11-00A0C91BC942}") = "subwin", "subwin.vcxproj", "{96B0BD3F-CCE3-3A1D-A8B7-02EA4F38BDE4}"
	ProjectSection(ProjectDependencies) = postProject
		{02B0978B-976C-3566-B50E-608EB99868AE} = {02B0978B-976C-3566-B50E-608EB99868AE}
		{391CDDEA-325F-3D7C-A473-96CDEC9B9316} = {391CDDEA-325F-3D7C-A473-96CDEC9B9316}
	EndProjectSection
EndProject
Project("{8BC9CEB8-8B4A-11D0-8D11-00A0C91BC942}") = "subwin_static", "subwin_static.vcxproj", "{40AACEE8-5793-3CAC-851F-3F791771B3F6}"
	ProjectSection(ProjectDependencies) = postProject
		{02B0978B-976C-3566-B50E-608EB99868AE} = {02B0978B-976C-3566-B50E-608EB99868AE}
		{D9CFD129-B2E9-3C36-8805-F4797D883FB1} = {D9CFD129-B2E9-3C36-8805-F4797D883FB1}
	EndProjectSection
EndProject
Project("{8BC9CEB8-8B4A-11D0-8D11-00A0C91BC942}") = "timer", "timer.vcxproj", "{63C926CB-ED23-3AD9-8F12-76484E89FDD5}"
	ProjectSection(ProjectDependencies) = postProject
		{02B0978B-976C-3566-B50E-608EB99868AE} = {02B0978B-976C-3566-B50E-608EB99868AE}
		{391CDDEA-325F-3D7C-A473-96CDEC9B9316} = {391CDDEA-325F-3D7C-A473-96CDEC9B9316}
	EndProjectSection
EndProject
Project("{8BC9CEB8-8B4A-11D0-8D11-00A0C91BC942}") = "timer_callback", "timer_callback.vcxproj", "{D256698D-AEF5-3921-A2C5-8087362EB8D4}"
	ProjectSection(ProjectDependencies) = postProject
		{02B0978B-976C-3566-B50E-608EB99868AE} = {02B0978B-976C-3566-B50E-608EB99868AE}
		{391CDDEA-325F-3D7C-A473-96CDEC9B9316} = {391CDDEA-325F-3D7C-A473-96CDEC9B9316}
	EndProjectSection
EndProject
Project("{8BC9CEB8-8B4A-11D0-8D11-00A0C91BC942}") = "timer_callback_static", "timer_callback_static.vcxproj", "{A87D6A5A-B613-39C0-A1F7-CFC50D9B0A9A}"
	ProjectSection(ProjectDependencies) = postProject
		{02B0978B-976C-3566-B50E-608EB99868AE} = {02B0978B-976C-3566-B50E-608EB99868AE}
		{D9CFD129-B2E9-3C36-8805-F4797D883FB1} = {D9CFD129-B2E9-3C36-8805-F4797D883FB1}
	EndProjectSection
EndProject
Project("{8BC9CEB8-8B4A-11D0-8D11-00A0C91BC942}") = "timer_static", "timer_static.vcxproj", "{A4DCB936-BDF2-37AD-B5A0-C7F9AD0F9582}"
	ProjectSection(ProjectDependencies) = postProject
		{02B0978B-976C-3566-B50E-608EB99868AE} = {02B0978B-976C-3566-B50E-608EB99868AE}
		{D9CFD129-B2E9-3C36-8805-F4797D883FB1} = {D9CFD129-B2E9-3C36-8805-F4797D883FB1}
	EndProjectSection
EndProject
Global
	GlobalSection(SolutionConfigurationPlatforms) = preSolution
		Debug|x64 = Debug|x64
		Release|x64 = Release|x64
		MinSizeRel|x64 = MinSizeRel|x64
		RelWithDebInfo|x64 = RelWithDebInfo|x64
	EndGlobalSection
	GlobalSection(ProjectConfigurationPlatforms) = postSolution
		{E32F8A6E-E36B-3BCC-BA75-FBAA6AC96A67}.Debug|x64.ActiveCfg = Debug|x64
		{E32F8A6E-E36B-3BCC-BA75-FBAA6AC96A67}.Debug|x64.Build.0 = Debug|x64
		{E32F8A6E-E36B-3BCC-BA75-FBAA6AC96A67}.Release|x64.ActiveCfg = Release|x64
		{E32F8A6E-E36B-3BCC-BA75-FBAA6AC96A67}.Release|x64.Build.0 = Release|x64
		{E32F8A6E-E36B-3BCC-BA75-FBAA6AC96A67}.MinSizeRel|x64.ActiveCfg = MinSizeRel|x64
		{E32F8A6E-E36B-3BCC-BA75-FBAA6AC96A67}.MinSizeRel|x64.Build.0 = MinSizeRel|x64
		{E32F8A6E-E36B-3BCC-BA75-FBAA6AC96A67}.RelWithDebInfo|x64.ActiveCfg = RelWithDebInfo|x64
		{E32F8A6E-E36B-3BCC-BA75-FBAA6AC96A67}.RelWithDebInfo|x64.Build.0 = RelWithDebInfo|x64
		{2DD1F47B-436A-3702-86F6-4315A197B8D9}.Debug|x64.ActiveCfg = Debug|x64
		{2DD1F47B-436A-3702-86F6-4315A197B8D9}.Debug|x64.Build.0 = Debug|x64
		{2DD1F47B-436A-3702-86F6-4315A197B8D9}.Release|x64.ActiveCfg = Release|x64
		{2DD1F47B-436A-3702-86F6-4315A197B8D9}.Release|x64.Build.0 = Release|x64
		{2DD1F47B-436A-3702-86F6-4315A197B8D9}.MinSizeRel|x64.ActiveCfg = MinSizeRel|x64
		{2DD1F47B-436A-3702-86F6-4315A197B8D9}.MinSizeRel|x64.Build.0 = MinSizeRel|x64
		{2DD1F47B-436A-3702-86F6-4315A197B8D9}.RelWithDebInfo|x64.ActiveCfg = RelWithDebInfo|x64
		{2DD1F47B-436A-3702-86F6-4315A197B8D9}.RelWithDebInfo|x64.Build.0 = RelWithDebInfo|x64
		{824AEA96-449A-3E00-B0B0-D80B03BD2926}.Debug|x64.ActiveCfg = Debug|x64
		{824AEA96-449A-3E00-B0B0-D80B03BD2926}.Debug|x64.Build.0 = Debug|x64
		{824AEA96-449A-3E00-B0B0-D80B03BD2926}.Release|x64.ActiveCfg = Release|x64
		{824AEA96-449A-3E00-B0B0-D80B03BD2926}.Release|x64.Build.0 = Release|x64
		{824AEA96-449A-3E00-B0B0-D80B03BD2926}.MinSizeRel|x64.ActiveCfg = MinSizeRel|x64
		{824AEA96-449A-3E00-B0B0-D80B03BD2926}.MinSizeRel|x64.Build.0 = MinSizeRel|x64
		{824AEA96-449A-3E00-B0B0-D80B03BD2926}.RelWithDebInfo|x64.ActiveCfg = RelWithDebInfo|x64
		{824AEA96-449A-3E00-B0B0-D80B03BD2926}.RelWithDebInfo|x64.Build.0 = RelWithDebInfo|x64
		{57459515-C36B-3858-B504-73BE51E1CDAB}.Debug|x64.ActiveCfg = Debug|x64
		{57459515-C36B-3858-B504-73BE51E1CDAB}.Debug|x64.Build.0 = Debug|x64
		{57459515-C36B-3858-B504-73BE51E1CDAB}.Release|x64.ActiveCfg = Release|x64
		{57459515-C36B-3858-B504-73BE51E1CDAB}.Release|x64.Build.0 = Release|x64
		{57459515-C36B-3858-B504-73BE51E1CDAB}.MinSizeRel|x64.ActiveCfg = MinSizeRel|x64
		{57459515-C36B-3858-B504-73BE51E1CDAB}.MinSizeRel|x64.Build.0 = MinSizeRel|x64
		{57459515-C36B-3858-B504-73BE51E1CDAB}.RelWithDebInfo|x64.ActiveCfg = RelWithDebInfo|x64
		{57459515-C36B-3858-B504-73BE51E1CDAB}.RelWithDebInfo|x64.Build.0 = RelWithDebInfo|x64
		{5834B4CD-DC14-3790-A3E9-D5F886F04DEF}.Debug|x64.ActiveCfg = Debug|x64
		{5834B4CD-DC14-3790-A3E9-D5F886F04DEF}.Debug|x64.Build.0 = Debug|x64
		{5834B4CD-DC14-3790-A3E9-D5F886F04DEF}.Release|x64.ActiveCfg = Release|x64
		{5834B4CD-DC14-3790-A3E9-D5F886F04DEF}.Release|x64.Build.0 = Release|x64
		{5834B4CD-DC14-3790-A3E9-D5F886F04DEF}.MinSizeRel|x64.ActiveCfg = MinSizeRel|x64
		{5834B4CD-DC14-3790-A3E9-D5F886F04DEF}.MinSizeRel|x64.Build.0 = MinSizeRel|x64
		{5834B4CD-DC14-3790-A3E9-D5F886F04DEF}.RelWithDebInfo|x64.ActiveCfg = RelWithDebInfo|x64
		{5834B4CD-DC14-3790-A3E9-D5F886F04DEF}.RelWithDebInfo|x64.Build.0 = RelWithDebInfo|x64
		{1351AB80-A63E-3ED0-8215-9AC948D1C46F}.Debug|x64.ActiveCfg = Debug|x64
		{1351AB80-A63E-3ED0-8215-9AC948D1C46F}.Debug|x64.Build.0 = Debug|x64
		{1351AB80-A63E-3ED0-8215-9AC948D1C46F}.Release|x64.ActiveCfg = Release|x64
		{1351AB80-A63E-3ED0-8215-9AC948D1C46F}.Release|x64.Build.0 = Release|x64
		{1351AB80-A63E-3ED0-8215-9AC948D1C46F}.MinSizeRel|x64.ActiveCfg = MinSizeRel|x64
		{1351AB80-A63E-3ED0-8215-9AC948D1C46F}.MinSizeRel|x64.Build.0 = MinSizeRel|x64
		{1351AB80-A63E-3ED0-8215-9AC948D1C46F}.RelWithDebInfo|x64.ActiveCfg = RelWithDebInfo|x64
		{1351AB80-A63E-3ED0-8215-9AC948D1C46F}.RelWithDebInfo|x64.Build.0 = RelWithDebInfo|x64
		{18C5169F-0A4F-391B-A058-A46F7A67CE12}.Debug|x64.ActiveCfg = Debug|x64
		{18C5169F-0A4F-391B-A058-A46F7A67CE12}.Debug|x64.Build.0 = Debug|x64
		{18C5169F-0A4F-391B-A058-A46F7A67CE12}.Release|x64.ActiveCfg = Release|x64
		{18C5169F-0A4F-391B-A058-A46F7A67CE12}.Release|x64.Build.0 = Release|x64
		{18C5169F-0A4F-391B-A058-A46F7A67CE12}.MinSizeRel|x64.ActiveCfg = MinSizeRel|x64
		{18C5169F-0A4F-391B-A058-A46F7A67CE12}.MinSizeRel|x64.Build.0 = MinSizeRel|x64
		{18C5169F-0A4F-391B-A058-A46F7A67CE12}.RelWithDebInfo|x64.ActiveCfg = RelWithDebInfo|x64
		{18C5169F-0A4F-391B-A058-A46F7A67CE12}.RelWithDebInfo|x64.Build.0 = RelWithDebInfo|x64
		{290D7D16-381B-3C59-B366-1504D311E74E}.Debug|x64.ActiveCfg = Debug|x64
		{290D7D16-381B-3C59-B366-1504D311E74E}.Release|x64.ActiveCfg = Release|x64
		{290D7D16-381B-3C59-B366-1504D311E74E}.MinSizeRel|x64.ActiveCfg = MinSizeRel|x64
		{290D7D16-381B-3C59-B366-1504D311E74E}.RelWithDebInfo|x64.ActiveCfg = RelWithDebInfo|x64
		{CABAB369-029B-3E34-B503-EEC63B0F2AD4}.Debug|x64.ActiveCfg = Debug|x64
		{CABAB369-029B-3E34-B503-EEC63B0F2AD4}.Debug|x64.Build.0 = Debug|x64
		{CABAB369-029B-3E34-B503-EEC63B0F2AD4}.Release|x64.ActiveCfg = Release|x64
		{CABAB369-029B-3E34-B503-EEC63B0F2AD4}.Release|x64.Build.0 = Release|x64
		{CABAB369-029B-3E34-B503-EEC63B0F2AD4}.MinSizeRel|x64.ActiveCfg = MinSizeRel|x64
		{CABAB369-029B-3E34-B503-EEC63B0F2AD4}.MinSizeRel|x64.Build.0 = MinSizeRel|x64
		{CABAB369-029B-3E34-B503-EEC63B0F2AD4}.RelWithDebInfo|x64.ActiveCfg = RelWithDebInfo|x64
		{CABAB369-029B-3E34-B503-EEC63B0F2AD4}.RelWithDebInfo|x64.Build.0 = RelWithDebInfo|x64
		{54CBD106-7B95-31F9-8655-F4B5304265DE}.Debug|x64.ActiveCfg = Debug|x64
		{54CBD106-7B95-31F9-8655-F4B5304265DE}.Debug|x64.Build.0 = Debug|x64
		{54CBD106-7B95-31F9-8655-F4B5304265DE}.Release|x64.ActiveCfg = Release|x64
		{54CBD106-7B95-31F9-8655-F4B5304265DE}.Release|x64.Build.0 = Release|x64
		{54CBD106-7B95-31F9-8655-F4B5304265DE}.MinSizeRel|x64.ActiveCfg = MinSizeRel|x64
		{54CBD106-7B95-31F9-8655-F4B5304265DE}.MinSizeRel|x64.Build.0 = MinSizeRel|x64
		{54CBD106-7B95-31F9-8655-F4B5304265DE}.RelWithDebInfo|x64.ActiveCfg = RelWithDebInfo|x64
		{54CBD106-7B95-31F9-8655-F4B5304265DE}.RelWithDebInfo|x64.Build.0 = RelWithDebInfo|x64
		{729DE735-9184-32DE-85F7-B1F2F447D89D}.Debug|x64.ActiveCfg = Debug|x64
		{729DE735-9184-32DE-85F7-B1F2F447D89D}.Debug|x64.Build.0 = Debug|x64
		{729DE735-9184-32DE-85F7-B1F2F447D89D}.Release|x64.ActiveCfg = Release|x64
		{729DE735-9184-32DE-85F7-B1F2F447D89D}.Release|x64.Build.0 = Release|x64
		{729DE735-9184-32DE-85F7-B1F2F447D89D}.MinSizeRel|x64.ActiveCfg = MinSizeRel|x64
		{729DE735-9184-32DE-85F7-B1F2F447D89D}.MinSizeRel|x64.Build.0 = MinSizeRel|x64
		{729DE735-9184-32DE-85F7-B1F2F447D89D}.RelWithDebInfo|x64.ActiveCfg = RelWithDebInfo|x64
		{729DE735-9184-32DE-85F7-B1F2F447D89D}.RelWithDebInfo|x64.Build.0 = RelWithDebInfo|x64
		{FB3BD518-C75B-34AA-B200-96E30F5D287B}.Debug|x64.ActiveCfg = Debug|x64
		{FB3BD518-C75B-34AA-B200-96E30F5D287B}.Debug|x64.Build.0 = Debug|x64
		{FB3BD518-C75B-34AA-B200-96E30F5D287B}.Release|x64.ActiveCfg = Release|x64
		{FB3BD518-C75B-34AA-B200-96E30F5D287B}.Release|x64.Build.0 = Release|x64
		{FB3BD518-C75B-34AA-B200-96E30F5D287B}.MinSizeRel|x64.ActiveCfg = MinSizeRel|x64
		{FB3BD518-C75B-34AA-B200-96E30F5D287B}.MinSizeRel|x64.Build.0 = MinSizeRel|x64
		{FB3BD518-C75B-34AA-B200-96E30F5D287B}.RelWithDebInfo|x64.ActiveCfg = RelWithDebInfo|x64
		{FB3BD518-C75B-34AA-B200-96E30F5D287B}.RelWithDebInfo|x64.Build.0 = RelWithDebInfo|x64
		{B8C07631-DCEB-3E59-ACC5-C9229E257433}.Debug|x64.ActiveCfg = Debug|x64
		{B8C07631-DCEB-3E59-ACC5-C9229E257433}.Debug|x64.Build.0 = Debug|x64
		{B8C07631-DCEB-3E59-ACC5-C9229E257433}.Release|x64.ActiveCfg = Release|x64
		{B8C07631-DCEB-3E59-ACC5-C9229E257433}.Release|x64.Build.0 = Release|x64
		{B8C07631-DCEB-3E59-ACC5-C9229E257433}.MinSizeRel|x64.ActiveCfg = MinSizeRel|x64
		{B8C07631-DCEB-3E59-ACC5-C9229E257433}.MinSizeRel|x64.Build.0 = MinSizeRel|x64
		{B8C07631-DCEB-3E59-ACC5-C9229E257433}.RelWithDebInfo|x64.ActiveCfg = RelWithDebInfo|x64
		{B8C07631-DCEB-3E59-ACC5-C9229E257433}.RelWithDebInfo|x64.Build.0 = RelWithDebInfo|x64
		{A96CEBBD-0C71-3660-8B8C-70677C16A9F5}.Debug|x64.ActiveCfg = Debug|x64
		{A96CEBBD-0C71-3660-8B8C-70677C16A9F5}.Debug|x64.Build.0 = Debug|x64
		{A96CEBBD-0C71-3660-8B8C-70677C16A9F5}.Release|x64.ActiveCfg = Release|x64
		{A96CEBBD-0C71-3660-8B8C-70677C16A9F5}.Release|x64.Build.0 = Release|x64
		{A96CEBBD-0C71-3660-8B8C-70677C16A9F5}.MinSizeRel|x64.ActiveCfg = MinSizeRel|x64
		{A96CEBBD-0C71-3660-8B8C-70677C16A9F5}.MinSizeRel|x64.Build.0 = MinSizeRel|x64
		{A96CEBBD-0C71-3660-8B8C-70677C16A9F5}.RelWithDebInfo|x64.ActiveCfg = RelWithDebInfo|x64
		{A96CEBBD-0C71-3660-8B8C-70677C16A9F5}.RelWithDebInfo|x64.Build.0 = RelWithDebInfo|x64
		{02B0978B-976C-3566-B50E-608EB99868AE}.Debug|x64.ActiveCfg = Debug|x64
		{02B0978B-976C-3566-B50E-608EB99868AE}.Debug|x64.Build.0 = Debug|x64
		{02B0978B-976C-3566-B50E-608EB99868AE}.Release|x64.ActiveCfg = Release|x64
		{02B0978B-976C-3566-B50E-608EB99868AE}.Release|x64.Build.0 = Release|x64
		{02B0978B-976C-3566-B50E-608EB99868AE}.MinSizeRel|x64.ActiveCfg = MinSizeRel|x64
		{02B0978B-976C-3566-B50E-608EB99868AE}.MinSizeRel|x64.Build.0 = MinSizeRel|x64
		{02B0978B-976C-3566-B50E-608EB99868AE}.RelWithDebInfo|x64.ActiveCfg = RelWithDebInfo|x64
		{02B0978B-976C-3566-B50E-608EB99868AE}.RelWithDebInfo|x64.Build.0 = RelWithDebInfo|x64
		{391CDDEA-325F-3D7C-A473-96CDEC9B9316}.Debug|x64.ActiveCfg = Debug|x64
		{391CDDEA-325F-3D7C-A473-96CDEC9B9316}.Debug|x64.Build.0 = Debug|x64
		{391CDDEA-325F-3D7C-A473-96CDEC9B9316}.Release|x64.ActiveCfg = Release|x64
		{391CDDEA-325F-3D7C-A473-96CDEC9B9316}.Release|x64.Build.0 = Release|x64
		{391CDDEA-325F-3D7C-A473-96CDEC9B9316}.MinSizeRel|x64.ActiveCfg = MinSizeRel|x64
		{391CDDEA-325F-3D7C-A473-96CDEC9B9316}.MinSizeRel|x64.Build.0 = MinSizeRel|x64
		{391CDDEA-325F-3D7C-A473-96CDEC9B9316}.RelWithDebInfo|x64.ActiveCfg = RelWithDebInfo|x64
		{391CDDEA-325F-3D7C-A473-96CDEC9B9316}.RelWithDebInfo|x64.Build.0 = RelWithDebInfo|x64
		{D9CFD129-B2E9-3C36-8805-F4797D883FB1}.Debug|x64.ActiveCfg = Debug|x64
		{D9CFD129-B2E9-3C36-8805-F4797D883FB1}.Debug|x64.Build.0 = Debug|x64
		{D9CFD129-B2E9-3C36-8805-F4797D883FB1}.Release|x64.ActiveCfg = Release|x64
		{D9CFD129-B2E9-3C36-8805-F4797D883FB1}.Release|x64.Build.0 = Release|x64
		{D9CFD129-B2E9-3C36-8805-F4797D883FB1}.MinSizeRel|x64.ActiveCfg = MinSizeRel|x64
		{D9CFD129-B2E9-3C36-8805-F4797D883FB1}.MinSizeRel|x64.Build.0 = MinSizeRel|x64
		{D9CFD129-B2E9-3C36-8805-F4797D883FB1}.RelWithDebInfo|x64.ActiveCfg = RelWithDebInfo|x64
		{D9CFD129-B2E9-3C36-8805-F4797D883FB1}.RelWithDebInfo|x64.Build.0 = RelWithDebInfo|x64
		{29611AD0-D232-302B-A790-21D8884335DD}.Debug|x64.ActiveCfg = Debug|x64
		{29611AD0-D232-302B-A790-21D8884335DD}.Debug|x64.Build.0 = Debug|x64
		{29611AD0-D232-302B-A790-21D8884335DD}.Release|x64.ActiveCfg = Release|x64
		{29611AD0-D232-302B-A790-21D8884335DD}.Release|x64.Build.0 = Release|x64
		{29611AD0-D232-302B-A790-21D8884335DD}.MinSizeRel|x64.ActiveCfg = MinSizeRel|x64
		{29611AD0-D232-302B-A790-21D8884335DD}.MinSizeRel|x64.Build.0 = MinSizeRel|x64
		{29611AD0-D232-302B-A790-21D8884335DD}.RelWithDebInfo|x64.ActiveCfg = RelWithDebInfo|x64
		{29611AD0-D232-302B-A790-21D8884335DD}.RelWithDebInfo|x64.Build.0 = RelWithDebInfo|x64
		{C6C64F82-7B45-3F4F-9452-C4F14583C990}.Debug|x64.ActiveCfg = Debug|x64
		{C6C64F82-7B45-3F4F-9452-C4F14583C990}.Debug|x64.Build.0 = Debug|x64
		{C6C64F82-7B45-3F4F-9452-C4F14583C990}.Release|x64.ActiveCfg = Release|x64
		{C6C64F82-7B45-3F4F-9452-C4F14583C990}.Release|x64.Build.0 = Release|x64
		{C6C64F82-7B45-3F4F-9452-C4F14583C990}.MinSizeRel|x64.ActiveCfg = MinSizeRel|x64
		{C6C64F82-7B45-3F4F-9452-C4F14583C990}.MinSizeRel|x64.Build.0 = MinSizeRel|x64
		{C6C64F82-7B45-3F4F-9452-C4F14583C990}.RelWithDebInfo|x64.ActiveCfg = RelWithDebInfo|x64
		{C6C64F82-7B45-3F4F-9452-C4F14583C990}.RelWithDebInfo|x64.Build.0 = RelWithDebInfo|x64
		{C2F71220-6BFD-31D7-94C9-765C2A633168}.Debug|x64.ActiveCfg = Debug|x64
		{C2F71220-6BFD-31D7-94C9-765C2A633168}.Debug|x64.Build.0 = Debug|x64
		{C2F71220-6BFD-31D7-94C9-765C2A633168}.Release|x64.ActiveCfg = Release|x64
		{C2F71220-6BFD-31D7-94C9-765C2A633168}.Release|x64.Build.0 = Release|x64
		{C2F71220-6BFD-31D7-94C9-765C2A633168}.MinSizeRel|x64.ActiveCfg = MinSizeRel|x64
		{C2F71220-6BFD-31D7-94C9-765C2A633168}.MinSizeRel|x64.Build.0 = MinSizeRel|x64
		{C2F71220-6BFD-31D7-94C9-765C2A633168}.RelWithDebInfo|x64.ActiveCfg = RelWithDebInfo|x64
		{C2F71220-6BFD-31D7-94C9-765C2A633168}.RelWithDebInfo|x64.Build.0 = RelWithDebInfo|x64
		{7325F35C-5228-3210-B4F5-5C004F02ED93}.Debug|x64.ActiveCfg = Debug|x64
		{7325F35C-5228-3210-B4F5-5C004F02ED93}.Debug|x64.Build.0 = Debug|x64
		{7325F35C-5228-3210-B4F5-5C004F02ED93}.Release|x64.ActiveCfg = Release|x64
		{7325F35C-5228-3210-B4F5-5C004F02ED93}.Release|x64.Build.0 = Release|x64
		{7325F35C-5228-3210-B4F5-5C004F02ED93}.MinSizeRel|x64.ActiveCfg = MinSizeRel|x64
		{7325F35C-5228-3210-B4F5-5C004F02ED93}.MinSizeRel|x64.Build.0 = MinSizeRel|x64
		{7325F35C-5228-3210-B4F5-5C004F02ED93}.RelWithDebInfo|x64.ActiveCfg = RelWithDebInfo|x64
		{7325F35C-5228-3210-B4F5-5C004F02ED93}.RelWithDebInfo|x64.Build.0 = RelWithDebInfo|x64
		{C21AC503-E161-30D1-9E7B-DC401622611D}.Debug|x64.ActiveCfg = Debug|x64
		{C21AC503-E161-30D1-9E7B-DC401622611D}.Debug|x64.Build.0 = Debug|x64
		{C21AC503-E161-30D1-9E7B-DC401622611D}.Release|x64.ActiveCfg = Release|x64
		{C21AC503-E161-30D1-9E7B-DC401622611D}.Release|x64.Build.0 = Release|x64
		{C21AC503-E161-30D1-9E7B-DC401622611D}.MinSizeRel|x64.ActiveCfg = MinSizeRel|x64
		{C21AC503-E161-30D1-9E7B-DC401622611D}.MinSizeRel|x64.Build.0 = MinSizeRel|x64
		{C21AC503-E161-30D1-9E7B-DC401622611D}.RelWithDebInfo|x64.ActiveCfg = RelWithDebInfo|x64
		{C21AC503-E161-30D1-9E7B-DC401622611D}.RelWithDebInfo|x64.Build.0 = RelWithDebInfo|x64
		{C9574D93-1CD7-311A-A56A-82B94DFC8E0B}.Debug|x64.ActiveCfg = Debug|x64
		{C9574D93-1CD7-311A-A56A-82B94DFC8E0B}.Debug|x64.Build.0 = Debug|x64
		{C9574D93-1CD7-311A-A56A-82B94DFC8E0B}.Release|x64.ActiveCfg = Release|x64
		{C9574D93-1CD7-311A-A56A-82B94DFC8E0B}.Release|x64.Build.0 = Release|x64
		{C9574D93-1CD7-311A-A56A-82B94DFC8E0B}.MinSizeRel|x64.ActiveCfg = MinSizeRel|x64
		{C9574D93-1CD7-311A-A56A-82B94DFC8E0B}.MinSizeRel|x64.Build.0 = MinSizeRel|x64
		{C9574D93-1CD7-311A-A56A-82B94DFC8E0B}.RelWithDebInfo|x64.ActiveCfg = RelWithDebInfo|x64
		{C9574D93-1CD7-311A-A56A-82B94DFC8E0B}.RelWithDebInfo|x64.Build.0 = RelWithDebInfo|x64
		{96B0BD3F-CCE3-3A1D-A8B7-02EA4F38BDE4}.Debug|x64.ActiveCfg = Debug|x64
		{96B0BD3F-CCE3-3A1D-A8B7-02EA4F38BDE4}.Debug|x64.Build.0 = Debug|x64
		{96B0BD3F-CCE3-3A1D-A8B7-02EA4F38BDE4}.Release|x64.ActiveCfg = Release|x64
		{96B0BD3F-CCE3-3A1D-A8B7-02EA4F38BDE4}.Release|x64.Build.0 = Release|x64
		{96B0BD3F-CCE3-3A1D-A8B7-02EA4F38BDE4}.MinSizeRel|x64.ActiveCfg = MinSizeRel|x64
		{96B0BD3F-CCE3-3A1D-A8B7-02EA4F38BDE4}.MinSizeRel|x64.Build.0 = MinSizeRel|x64
		{96B0BD3F-CCE3-3A1D-A8B7-02EA4F38BDE4}.RelWithDebInfo|x64.ActiveCfg = RelWithDebInfo|x64
		{96B0BD3F-CCE3-3A1D-A8B7-02EA4F38BDE4}.RelWithDebInfo|x64.Build.0 = RelWithDebInfo|x64
		{40AACEE8-5793-3CAC-851F-3F791771B3F6}.Debug|x64.ActiveCfg = Debug|x64
		{40AACEE8-5793-3CAC-851F-3F791771B3F6}.Debug|x64.Build.0 = Debug|x64
		{40AACEE8-5793-3CAC-851F-3F791771B3F6}.Release|x64.ActiveCfg = Release|x64
		{40AACEE8-5793-3CAC-851F-3F791771B3F6}.Release|x64.Build.0 = Release|x64
		{40AACEE8-5793-3CAC-851F-3F791771B3F6}.MinSizeRel|x64.ActiveCfg = MinSizeRel|x64
		{40AACEE8-5793-3CAC-851F-3F791771B3F6}.MinSizeRel|x64.Build.0 = MinSizeRel|x64
		{40AACEE8-5793-3CAC-851F-3F791771B3F6}.RelWithDebInfo|x64.ActiveCfg = RelWithDebInfo|x64
		{40AACEE8-5793-3CAC-851F-3F791771B3F6}.RelWithDebInfo|x64.Build.0 = RelWithDebInfo|x64
		{63C926CB-ED23-3AD9-8F12-76484E89FDD5}.Debug|x64.ActiveCfg = Debug|x64
		{63C926CB-ED23-3AD9-8F12-76484E89FDD5}.Debug|x64.Build.0 = Debug|x64
		{63C926CB-ED23-3AD9-8F12-76484E89FDD5}.Release|x64.ActiveCfg = Release|x64
		{63C926CB-ED23-3AD9-8F12-76484E89FDD5}.Release|x64.Build.0 = Release|x64
		{63C926CB-ED23-3AD9-8F12-76484E89FDD5}.MinSizeRel|x64.ActiveCfg = MinSizeRel|x64
		{63C926CB-ED23-3AD9-8F12-76484E89FDD5}.MinSizeRel|x64.Build.0 = MinSizeRel|x64
		{63C926CB-ED23-3AD9-8F12-76484E89FDD5}.RelWithDebInfo|x64.ActiveCfg = RelWithDebInfo|x64
		{63C926CB-ED23-3AD9-8F12-76484E89FDD5}.RelWithDebInfo|x64.Build.0 = RelWithDebInfo|x64
		{D256698D-AEF5-3921-A2C5-8087362EB8D4}.Debug|x64.ActiveCfg = Debug|x64
		{D256698D-AEF5-3921-A2C5-8087362EB8D4}.Debug|x64.Build.0 = Debug|x64
		{D256698D-AEF5-3921-A2C5-8087362EB8D4}.Release|x64.ActiveCfg = Release|x64
		{D256698D-AEF5-3921-A2C5-8087362EB8D4}.Release|x64.Build.0 = Release|x64
		{D256698D-AEF5-3921-A2C5-8087362EB8D4}.MinSizeRel|x64.ActiveCfg = MinSizeRel|x64
		{D256698D-AEF5-3921-A2C5-8087362EB8D4}.MinSizeRel|x64.Build.0 = MinSizeRel|x64
		{D256698D-AEF5-3921-A2C5-8087362EB8D4}.RelWithDebInfo|x64.ActiveCfg = RelWithDebInfo|x64
		{D256698D-AEF5-3921-A2C5-8087362EB8D4}.RelWithDebInfo|x64.Build.0 = RelWithDebInfo|x64
		{A87D6A5A-B613-39C0-A1F7-CFC50D9B0A9A}.Debug|x64.ActiveCfg = Debug|x64
		{A87D6A5A-B613-39C0-A1F7-CFC50D9B0A9A}.Debug|x64.Build.0 = Debug|x64
		{A87D6A5A-B613-39C0-A1F7-CFC50D9B0A9A}.Release|x64.ActiveCfg = Release|x64
		{A87D6A5A-B613-39C0-A1F7-CFC50D9B0A9A}.Release|x64.Build.0 = Release|x64
		{A87D6A5A-B613-39C0-A1F7-CFC50D9B0A9A}.MinSizeRel|x64.ActiveCfg = MinSizeRel|x64
		{A87D6A5A-B613-39C0-A1F7-CFC50D9B0A9A}.MinSizeRel|x64.Build.0 = MinSizeRel|x64
		{A87D6A5A-B613-39C0-A1F7-CFC50D9B0A9A}.RelWithDebInfo|x64.ActiveCfg = RelWithDebInfo|x64
		{A87D6A5A-B613-39C0-A1F7-CFC50D9B0A9A}.RelWithDebInfo|x64.Build.0 = RelWithDebInfo|x64
		{A4DCB936-BDF2-37AD-B5A0-C7F9AD0F9582}.Debug|x64.ActiveCfg = Debug|x64
		{A4DCB936-BDF2-37AD-B5A0-C7F9AD0F9582}.Debug|x64.Build.0 = Debug|x64
		{A4DCB936-BDF2-37AD-B5A0-C7F9AD0F9582}.Release|x64.ActiveCfg = Release|x64
		{A4DCB936-BDF2-37AD-B5A0-C7F9AD0F9582}.Release|x64.Build.0 = Release|x64
		{A4DCB936-BDF2-37AD-B5A0-C7F9AD0F9582}.MinSizeRel|x64.ActiveCfg = MinSizeRel|x64
		{A4DCB936-BDF2-37AD-B5A0-C7F9AD0F9582}.MinSizeRel|x64.Build.0 = MinSizeRel|x64
		{A4DCB936-BDF2-37AD-B5A0-C7F9AD0F9582}.RelWithDebInfo|x64.ActiveCfg = RelWithDebInfo|x64
		{A4DCB936-BDF2-37AD-B5A0-C7F9AD0F9582}.RelWithDebInfo|x64.Build.0 = RelWithDebInfo|x64
	EndGlobalSection
	GlobalSection(ExtensibilityGlobals) = postSolution
		SolutionGuid = {7B9B47BE-C4DB-3E40-8A36-4E9AA44BBC68}
	EndGlobalSection
	GlobalSection(ExtensibilityAddIns) = postSolution
	EndGlobalSection
EndGlobal
