<?xml version="1.0" encoding="utf-8"?>
<Project ToolsVersion="16.0" xmlns="http://schemas.microsoft.com/developer/msbuild/2003">
  <ItemGroup>
    <ClCompile Include="D:\lab\2021\deformation_transfer_cmake\freeglut-3.2.1.tar\freeglut-3.2.1\progs\demos\smooth_opengl3\smooth_opengl3.c">
      <Filter>Source Files</Filter>
    </ClCompile>
  </ItemGroup>
  <ItemGroup>
    <CustomBuild Include="D:\lab\2021\deformation_transfer_cmake\freeglut-3.2.1.tar\freeglut-3.2.1\CMakeLists.txt" />
  </ItemGroup>
  <ItemGroup>
    <Filter Include="Source Files">
      <UniqueIdentifier>{4005E407-43C3-3365-950C-22FE4EE1755C}</UniqueIdentifier>
    </Filter>
  </ItemGroup>
</Project>
